{
  "name": "nativetest",
  "version": "1.0.0",
  "lockfileVersion": 2,
  "requires": true,
  "packages": {
    "": {
      "name": "nativetest",
      "version": "1.0.0",
      "license": "ISC",
      "dependencies": {
        "nativetest-linux": "https://gitpkg.now.sh/Hotspring-r/PlatformSpecificPackageTest/nativeTest-linux?main"
      },
      "optionalDependencies": {
        "nativetest-linux": "https://gitpkg.now.sh/Hotspring-r/PlatformSpecificPackageTest/nativeTest-linux?main",
        "nativetest-win": "https://gitpkg.now.sh/Hotspring-r/PlatformSpecificPackageTest/nativeTest-win?main"
      }
    },
    "node_modules/nativetest-linux": {
      "version": "1.0.0",
      "resolved": "https://gitpkg.now.sh/Hotspring-r/PlatformSpecificPackageTest/nativeTest-linux?main",
      "integrity": "sha512-ZGoHqYo0B3lwm5GbdOjfFfWMT57uyXA5Xofr/M5rdoKAc1RNVtZVwjRClN74qfJ5OwPiC84QPaaI2gwysweudA==",
      "license": "CC0",
      "optional": true,
      "os": [
        "linux"
      ]
    },
    "node_modules/nativetest-win": {
      "version": "1.0.0",
      "resolved": "https://gitpkg.now.sh/Hotspring-r/PlatformSpecificPackageTest/nativeTest-win?main",
      "integrity": "sha512-n9HWgKKE93X+cYd2hANCe5HKONa1iHxuvu7GFcuHOpeb9nt8uP2m6ZkFT3WHiaLsu1jNsOTJjRvSTRQNd0QKLQ==",
      "license": "CC0",
      "optional": true,
      "os": [
        "win32"
      ]
    }
  },
  "dependencies": {
    "nativetest-linux": {
      "version": "https://gitpkg.now.sh/Hotspring-r/PlatformSpecificPackageTest/nativeTest-linux?main",
      "integrity": "sha512-ZGoHqYo0B3lwm5GbdOjfFfWMT57uyXA5Xofr/M5rdoKAc1RNVtZVwjRClN74qfJ5OwPiC84QPaaI2gwysweudA==",
      "optional": true
    },
    "nativetest-win": {
      "version": "https://gitpkg.now.sh/Hotspring-r/PlatformSpecificPackageTest/nativeTest-win?main",
      "integrity": "sha512-n9HWgKKE93X+cYd2hANCe5HKONa1iHxuvu7GFcuHOpeb9nt8uP2m6ZkFT3WHiaLsu1jNsOTJjRvSTRQNd0QKLQ==",
      "optional": true
    }
  }
}
