{
  "name": "platform-dependency-test",
  "version": "1.0.0",
  "lockfileVersion": 1,
  "requires": true,
  "dependencies": {
    "nativetest": {
      "version": "file:../nativeTest",
      "requires": {
        "nativetest-linux": "file:../nativeTest-linux",
        "nativetest-win": "file:../nativeTest-win"
      },
      "dependencies": {
        "nativetest-linux": {
          "version": "file:../nativeTest-linux",
          "optional": true
        },
        "nativetest-win": {
          "version": "file:../nativeTest-win",
          "optional": true
        }
      }
    }
  }
}
