{
  "name": "platform-dependency-test",
  "version": "1.0.0",
  "lockfileVersion": 1,
  "requires": true,
  "dependencies": {
    "nativetest": {
      "version": "https://gitpkg.now.sh/Hotspring-r/PlatformSpecificPackageTest/nativeTest?main",
      "integrity": "sha512-6uEUAF1eR0R5Lgbjj0Bws4m10U46lcqigsoCd/bJxsfeSo8GAZ50yPOez5Iyuc6amIL6HhgSiuoEtZkJF2J39g==",
      "requires": {
        "nativetest-linux": "https://gitpkg.now.sh/Hotspring-r/PlatformSpecificPackageTest/nativeTest-linux?main",
        "nativetest-win": "https://gitpkg.now.sh/Hotspring-r/PlatformSpecificPackageTest/nativeTest-win?main"
      }
    },
    "nativetest-linux": {
      "version": "https://gitpkg.now.sh/Hotspring-r/PlatformSpecificPackageTest/nativeTest-linux?main",
      "integrity": "sha512-Nlovb1JUGrdKc4FRSwWPA1aIBfP/BaSReL5zcRizORN7qLvsACSPtNzLpMHabN0tpI9TjUa/7TDcLW4JPV5OEQ==",
      "optional": true
    },
    "nativetest-win": {
      "version": "https://gitpkg.now.sh/Hotspring-r/PlatformSpecificPackageTest/nativeTest-win?main",
      "integrity": "sha512-41fjUgSn5o+kffNJrEYkDsGGy8KF7gKUP/TUjXqyiFcaQsWBoqjqqWW1A0JP/gpYH4rmrubZ1NgZEqKCQ+gsFg==",
      "optional": true
    }
  }
}
